{
  "nodes": {
    "nixpkgs": {
      "locked": {
        "lastModified": 1778869304,
        "narHash": "sha256-30sZNZoA1cqF5JNO9fVX+wgiQYjB7HJqqJ4ztCDeBZE=",
        "owner": "NixOS",
        "repo": "nixpkgs",
        "rev": "d233902339c02a9c334e7e593de68855ad26c4cb",
        "type": "github"
      },
      "original": {
        "owner": "NixOS",
        "ref": "nixos-unstable",
        "repo": "nixpkgs",
        "type": "github"
      }
    },
    "nixpkgs-apptainer": {
      "locked": {
        "lastModified": 1779206440,
        "narHash": "sha256-STjjxupVB2NcBX7K5Rxf8NmWQStoZ7qj4xQmIgm6S4Q=",
        "owner": "NixOS",
        "repo": "nixpkgs",
        "rev": "bd66ac769a1d0f21c746456b19eb0b1bbcb3ca35",
        "type": "github"
      },
      "original": {
        "owner": "NixOS",
        "ref": "master",
        "repo": "nixpkgs",
        "type": "github"
      }
    },
    "root": {
      "inputs": {
        "nixpkgs": "nixpkgs",
        "nixpkgs-apptainer": "nixpkgs-apptainer"
      }
    }
  },
  "root": "root",
  "version": 7
}
